
Microsoft Visual Studio Solution File, Format Version 12.00
# Visual Studio Version 16
VisualStudioVersion = 16.0.30907.101
MinimumVisualStudioVersion = 10.0.40219.1
Project("{FAE04EC0-301F-11D3-BF4B-00C04F79EFBC}") = "GarageSale.API", "GarageSale.API\GarageSale.API.csproj", "{87EFAA89-43BF-4292-AD1B-A7565C4B6093}"
EndProject
Project("{FAE04EC0-301F-11D3-BF4B-00C04F79EFBC}") = "GarageSale.Site", "GarageSale.Site\GarageSale.Site.csproj", "{CF56B3A7-E548-48F7-AB26-BC61D516ED54}"
EndProject
Project("{FAE04EC0-301F-11D3-BF4B-00C04F79EFBC}") = "GarageSale.Data", "GarageSale.Data\GarageSale.Data.csproj", "{C894EC7D-533B-4514-B539-3AA585CA725F}"
EndProject
Global
	GlobalSection(SolutionConfigurationPlatforms) = preSolution
		Debug|Any CPU = Debug|Any CPU
		Release|Any CPU = Release|Any CPU
	EndGlobalSection
	GlobalSection(ProjectConfigurationPlatforms) = postSolution
		{87EFAA89-43BF-4292-AD1B-A7565C4B6093}.Debug|Any CPU.ActiveCfg = Debug|Any CPU
		{87EFAA89-43BF-4292-AD1B-A7565C4B6093}.Debug|Any CPU.Build.0 = Debug|Any CPU
		{87EFAA89-43BF-4292-AD1B-A7565C4B6093}.Release|Any CPU.ActiveCfg = Release|Any CPU
		{87EFAA89-43BF-4292-AD1B-A7565C4B6093}.Release|Any CPU.Build.0 = Release|Any CPU
		{CF56B3A7-E548-48F7-AB26-BC61D516ED54}.Debug|Any CPU.ActiveCfg = Debug|Any CPU
		{CF56B3A7-E548-48F7-AB26-BC61D516ED54}.Debug|Any CPU.Build.0 = Debug|Any CPU
		{CF56B3A7-E548-48F7-AB26-BC61D516ED54}.Release|Any CPU.ActiveCfg = Release|Any CPU
		{CF56B3A7-E548-48F7-AB26-BC61D516ED54}.Release|Any CPU.Build.0 = Release|Any CPU
		{C894EC7D-533B-4514-B539-3AA585CA725F}.Debug|Any CPU.ActiveCfg = Debug|Any CPU
		{C894EC7D-533B-4514-B539-3AA585CA725F}.Debug|Any CPU.Build.0 = Debug|Any CPU
		{C894EC7D-533B-4514-B539-3AA585CA725F}.Release|Any CPU.ActiveCfg = Release|Any CPU
		{C894EC7D-533B-4514-B539-3AA585CA725F}.Release|Any CPU.Build.0 = Release|Any CPU
	EndGlobalSection
	GlobalSection(SolutionProperties) = preSolution
		HideSolutionNode = FALSE
	EndGlobalSection
	GlobalSection(ExtensibilityGlobals) = postSolution
		SolutionGuid = {4A6F7B61-16EF-4B8C-90F8-1D06D5CBB14B}
	EndGlobalSection
EndGlobal
